
Microsoft Visual Studio Solution File, Format Version 12.00
# Visual Studio Version 16
VisualStudioVersion = 16.0.31313.79
MinimumVisualStudioVersion = 10.0.40219.1
Project("{FAE04EC0-301F-11D3-BF4B-00C04F79EFBC}") = "Basic_Core_Programs", "Basic_Core_Programs.csproj", "{E878A3C5-AD90-42A2-931D-2C47C94E43DA}"
EndProject
Global
	GlobalSection(SolutionConfigurationPlatforms) = preSolution
		Debug|Any CPU = Debug|Any CPU
		Release|Any CPU = Release|Any CPU
	EndGlobalSection
	GlobalSection(ProjectConfigurationPlatforms) = postSolution
		{E878A3C5-AD90-42A2-931D-2C47C94E43DA}.Debug|Any CPU.ActiveCfg = Debug|Any CPU
		{E878A3C5-AD90-42A2-931D-2C47C94E43DA}.Debug|Any CPU.Build.0 = Debug|Any CPU
		{E878A3C5-AD90-42A2-931D-2C47C94E43DA}.Release|Any CPU.ActiveCfg = Release|Any CPU
		{E878A3C5-AD90-42A2-931D-2C47C94E43DA}.Release|Any CPU.Build.0 = Release|Any CPU
	EndGlobalSection
	GlobalSection(SolutionProperties) = preSolution
		HideSolutionNode = FALSE
	EndGlobalSection
	GlobalSection(ExtensibilityGlobals) = postSolution
		SolutionGuid = {CE106197-3F53-4365-A719-429566C325CE}
	EndGlobalSection
EndGlobal
